
Microsoft Visual Studio Solution File, Format Version 12.00
# Visual Studio Version 17
VisualStudioVersion = 17.0.31903.59
MinimumVisualStudioVersion = 10.0.40219.1
Project("{FAE04EC0-301F-11D3-BF4B-00C04F79EFBC}") = "XgbLibimport", "XgbLibimport\XgbLibimport.csproj", "{9ED7A1EC-C62E-4461-8F53-8046B5393D93}"
EndProject
Project("{FAE04EC0-301F-11D3-BF4B-00C04F79EFBC}") = "XgbLibimportConsole", "XgbLibimportConsole\XgbLibimportConsole.csproj", "{2CFFB815-C57A-4C5C-BB4D-9677D6FBA4BD}"
EndProject
Project("{FAE04EC0-301F-11D3-BF4B-00C04F79EFBC}") = "XgbLibimportTests", "XgbLibimportTests\XgbLibimportTests.csproj", "{BA6C9831-14A4-45D1-B1F0-7936EE38DCA1}"
EndProject
Global
	GlobalSection(SolutionConfigurationPlatforms) = preSolution
		Debug|Any CPU = Debug|Any CPU
		Release|Any CPU = Release|Any CPU
	EndGlobalSection
	GlobalSection(SolutionProperties) = preSolution
		HideSolutionNode = FALSE
	EndGlobalSection
	GlobalSection(ProjectConfigurationPlatforms) = postSolution
		{9ED7A1EC-C62E-4461-8F53-8046B5393D93}.Debug|Any CPU.ActiveCfg = Debug|Any CPU
		{9ED7A1EC-C62E-4461-8F53-8046B5393D93}.Debug|Any CPU.Build.0 = Debug|Any CPU
		{9ED7A1EC-C62E-4461-8F53-8046B5393D93}.Release|Any CPU.ActiveCfg = Release|Any CPU
		{9ED7A1EC-C62E-4461-8F53-8046B5393D93}.Release|Any CPU.Build.0 = Release|Any CPU
		{2CFFB815-C57A-4C5C-BB4D-9677D6FBA4BD}.Debug|Any CPU.ActiveCfg = Debug|Any CPU
		{2CFFB815-C57A-4C5C-BB4D-9677D6FBA4BD}.Debug|Any CPU.Build.0 = Debug|Any CPU
		{2CFFB815-C57A-4C5C-BB4D-9677D6FBA4BD}.Release|Any CPU.ActiveCfg = Release|Any CPU
		{2CFFB815-C57A-4C5C-BB4D-9677D6FBA4BD}.Release|Any CPU.Build.0 = Release|Any CPU
		{BA6C9831-14A4-45D1-B1F0-7936EE38DCA1}.Debug|Any CPU.ActiveCfg = Debug|Any CPU
		{BA6C9831-14A4-45D1-B1F0-7936EE38DCA1}.Debug|Any CPU.Build.0 = Debug|Any CPU
		{BA6C9831-14A4-45D1-B1F0-7936EE38DCA1}.Release|Any CPU.ActiveCfg = Release|Any CPU
		{BA6C9831-14A4-45D1-B1F0-7936EE38DCA1}.Release|Any CPU.Build.0 = Release|Any CPU
	EndGlobalSection
EndGlobal
